<?xml version="1.0" encoding="utf-8"?>
<Project ToolsVersion="4.0" xmlns="http://schemas.microsoft.com/developer/msbuild/2003">
  <ItemGroup>
    <Filter Include="Source Files">
      <UniqueIdentifier>{4FC737F1-C7A5-4376-A066-2A32D752A2FF}</UniqueIdentifier>
      <Extensions>cpp;c;cc;cxx;c++;cppm;ixx;def;odl;idl;hpj;bat;asm;asmx</Extensions>
    </Filter>
    <Filter Include="Header Files">
      <UniqueIdentifier>{93995380-89BD-4b04-88EB-625FBE52EBFB}</UniqueIdentifier>
      <Extensions>h;hh;hpp;hxx;h++;hm;inl;inc;ipp;xsd</Extensions>
    </Filter>
    <Filter Include="Resource Files">
      <UniqueIdentifier>{67DA6AB6-F800-4c08-8B7A-83BB121AAD01}</UniqueIdentifier>
      <Extensions>rc;ico;cur;bmp;dlg;rc2;rct;bin;rgs;gif;jpg;jpeg;jpe;resx;tiff;tif;png;wav;mfcribbon-ms</Extensions>
    </Filter>
    <Filter Include="Header Files\Graphics">
      <UniqueIdentifier>{e4a500fb-1096-46fe-abeb-3ed8fb481a42}</UniqueIdentifier>
    </Filter>
    <Filter Include="Header Files\Graphics\GLBuffers">
      <UniqueIdentifier>{f850ae37-3a5f-45f4-b567-076e8fdc9f9d}</UniqueIdentifier>
    </Filter>
    <Filter Include="Header Files\Graphics\2D">
      <UniqueIdentifier>{e0ee51e0-0f55-4af9-94e9-c3f7499a7efc}</UniqueIdentifier>
    </Filter>
    <Filter Include="Source Files\Graphics">
      <UniqueIdentifier>{d717b483-8dbe-4bdc-ac92-573905cd4521}</UniqueIdentifier>
    </Filter>
    <Filter Include="Source Files\Graphics\2D">
      <UniqueIdentifier>{7d56313f-d521-4315-aecc-42011066417b}</UniqueIdentifier>
    </Filter>
  </ItemGroup>
  <ItemGroup>
    <ClCompile Include="main.cpp">
      <Filter>Source Files</Filter>
    </ClCompile>
    <ClCompile Include="glad.c">
      <Filter>Source Files</Filter>
    </ClCompile>
    <ClCompile Include="shaders.cpp">
      <Filter>Source Files</Filter>
    </ClCompile>
    <ClCompile Include="Renderer2D.cpp">
      <Filter>Source Files\Graphics\2D</Filter>
    </ClCompile>
    <ClCompile Include="Sprite.cpp">
      <Filter>Source Files\Graphics\2D</Filter>
    </ClCompile>
    <ClCompile Include="SpriteMap.cpp">
      <Filter>Source Files\Graphics\2D</Filter>
    </ClCompile>
    <ClCompile Include="Texture2d.cpp">
      <Filter>Source Files\Graphics\2D</Filter>
    </ClCompile>
    <ClCompile Include="Text2D.cpp">
      <Filter>Source Files\Graphics\2D</Filter>
    </ClCompile>
  </ItemGroup>
  <ItemGroup>
    <ClInclude Include="shaders.h">
      <Filter>Header Files</Filter>
    </ClInclude>
    <ClInclude Include="defines.h">
      <Filter>Header Files</Filter>
    </ClInclude>
    <ClInclude Include="main.h">
      <Filter>Header Files</Filter>
    </ClInclude>
    <ClInclude Include="GLBuffer.h">
      <Filter>Header Files\Graphics\GLBuffers</Filter>
    </ClInclude>
    <ClInclude Include="GLMappedBuffer.h">
      <Filter>Header Files\Graphics\GLBuffers</Filter>
    </ClInclude>
    <ClInclude Include="GLVertexArray.h">
      <Filter>Header Files\Graphics\GLBuffers</Filter>
    </ClInclude>
    <ClInclude Include="Renderer2D.h">
      <Filter>Header Files\Graphics\2D</Filter>
    </ClInclude>
    <ClInclude Include="Sprite.h">
      <Filter>Header Files\Graphics\2D</Filter>
    </ClInclude>
    <ClInclude Include="Texture2d.h">
      <Filter>Header Files\Graphics\2D</Filter>
    </ClInclude>
    <ClInclude Include="SpriteMap.h">
      <Filter>Header Files\Graphics\2D</Filter>
    </ClInclude>
    <ClInclude Include="Text2D.h">
      <Filter>Header Files\Graphics\2D</Filter>
    </ClInclude>
  </ItemGroup>
</Project>